
Microsoft Visual Studio Solution File, Format Version 12.00
# Visual Studio Version 17
VisualStudioVersion = 17.13.35818.85
MinimumVisualStudioVersion = 10.0.40219.1
Project("{8BC9CEB8-8B4A-11D0-8D11-00A0C91BC942}") = "perception_game_engine", "perception_game_engine\perception_game_engine.vcxproj", "{6B7B3D2A-F77C-4AD4-9CE9-0BC4D24994E7}"
EndProject
Project("{8BC9CEB8-8B4A-11D0-8D11-00A0C91BC942}") = "vmm", "vmm\vmm.vcxproj", "{6E42F747-B0B8-49C0-8D5C-B4CA3575F803}"
EndProject
Project("{8BC9CEB8-8B4A-11D0-8D11-00A0C91BC942}") = "platform", "platform\platform.vcxitems", "{31047213-6848-4D59-857B-3B88388EA644}"
EndProject
Global
	GlobalSection(SolutionConfigurationPlatforms) = preSolution
		Debug|x64 = Debug|x64
		Debug|x86 = Debug|x86
		Release|x64 = Release|x64
		Release|x86 = Release|x86
	EndGlobalSection
	GlobalSection(ProjectConfigurationPlatforms) = postSolution
		{6B7B3D2A-F77C-4AD4-9CE9-0BC4D24994E7}.Debug|x64.ActiveCfg = Debug|x64
		{6B7B3D2A-F77C-4AD4-9CE9-0BC4D24994E7}.Debug|x64.Build.0 = Debug|x64
		{6B7B3D2A-F77C-4AD4-9CE9-0BC4D24994E7}.Debug|x86.ActiveCfg = Debug|Win32
		{6B7B3D2A-F77C-4AD4-9CE9-0BC4D24994E7}.Debug|x86.Build.0 = Debug|Win32
		{6B7B3D2A-F77C-4AD4-9CE9-0BC4D24994E7}.Release|x64.ActiveCfg = Release|x64
		{6B7B3D2A-F77C-4AD4-9CE9-0BC4D24994E7}.Release|x64.Build.0 = Release|x64
		{6B7B3D2A-F77C-4AD4-9CE9-0BC4D24994E7}.Release|x86.ActiveCfg = Release|Win32
		{6B7B3D2A-F77C-4AD4-9CE9-0BC4D24994E7}.Release|x86.Build.0 = Release|Win32
		{6E42F747-B0B8-49C0-8D5C-B4CA3575F803}.Debug|x64.ActiveCfg = Debug|x64
		{6E42F747-B0B8-49C0-8D5C-B4CA3575F803}.Debug|x64.Build.0 = Debug|x64
		{6E42F747-B0B8-49C0-8D5C-B4CA3575F803}.Debug|x86.ActiveCfg = Debug|Win32
		{6E42F747-B0B8-49C0-8D5C-B4CA3575F803}.Debug|x86.Build.0 = Debug|Win32
		{6E42F747-B0B8-49C0-8D5C-B4CA3575F803}.Release|x64.ActiveCfg = Release|x64
		{6E42F747-B0B8-49C0-8D5C-B4CA3575F803}.Release|x64.Build.0 = Release|x64
		{6E42F747-B0B8-49C0-8D5C-B4CA3575F803}.Release|x86.ActiveCfg = Release|Win32
		{6E42F747-B0B8-49C0-8D5C-B4CA3575F803}.Release|x86.Build.0 = Release|Win32
	EndGlobalSection
	GlobalSection(SolutionProperties) = preSolution
		HideSolutionNode = FALSE
	EndGlobalSection
	GlobalSection(ExtensibilityGlobals) = postSolution
		SolutionGuid = {0BDF827E-DDB4-47E7-AAE0-66910100C140}
	EndGlobalSection
	GlobalSection(SharedMSBuildProjectFiles) = preSolution
		platform\platform.vcxitems*{31047213-6848-4d59-857b-3b88388ea644}*SharedItemsImports = 9
		platform\platform.vcxitems*{6e42f747-b0b8-49c0-8d5c-b4ca3575f803}*SharedItemsImports = 4
	EndGlobalSection
EndGlobal
