<?xml version="1.0" encoding="utf-8"?>
<Project ToolsVersion="4.0" xmlns="http://schemas.microsoft.com/developer/msbuild/2003">
  <ItemGroup>
    <Filter Include="Source Files">
      <UniqueIdentifier>{4FC737F1-C7A5-4376-A066-2A32D752A2FF}</UniqueIdentifier>
      <Extensions>cpp;c;cc;cxx;c++;cppm;ixx;def;odl;idl;hpj;bat;asm;asmx</Extensions>
    </Filter>
    <Filter Include="Header Files">
      <UniqueIdentifier>{93995380-89BD-4b04-88EB-625FBE52EBFB}</UniqueIdentifier>
      <Extensions>h;hh;hpp;hxx;h++;hm;inl;inc;ipp;xsd</Extensions>
    </Filter>
    <Filter Include="Resource Files">
      <UniqueIdentifier>{67DA6AB6-F800-4c08-8B7A-83BB121AAD01}</UniqueIdentifier>
      <Extensions>rc;ico;cur;bmp;dlg;rc2;rct;bin;rgs;gif;jpg;jpeg;jpe;resx;tiff;tif;png;wav;mfcribbon-ms</Extensions>
    </Filter>
  </ItemGroup>
  <ItemGroup>
    <ClCompile Include="entry.cpp">
      <Filter>Source Files</Filter>
    </ClCompile>
    <ClCompile Include="exception\exception_handler.cpp">
      <Filter>Source Files</Filter>
    </ClCompile>
    <ClCompile Include="memory\mem.cpp">
      <Filter>Source Files</Filter>
    </ClCompile>
    <ClCompile Include="memory\addr.cpp">
      <Filter>Source Files</Filter>
    </ClCompile>
    <ClCompile Include="crt\s_string.cpp">
      <Filter>Source Files</Filter>
    </ClCompile>
    <ClCompile Include="crt\safe_crt.cpp">
      <Filter>Source Files</Filter>
    </ClCompile>
    <ClCompile Include="exception\fail.cpp">
      <Filter>Source Files</Filter>
    </ClCompile>
    <ClCompile Include="engine\entity_system\entity_layer.cpp">
      <Filter>Source Files</Filter>
    </ClCompile>
    <ClCompile Include="engine\entity_system\entity_manager.cpp">
      <Filter>Source Files</Filter>
    </ClCompile>
    <ClCompile Include="engine\threading\thread_storage.cpp">
      <Filter>Source Files</Filter>
    </ClCompile>
    <ClCompile Include="engine\entity_system\entity.cpp">
      <Filter>Source Files</Filter>
    </ClCompile>
    <ClCompile Include="engine\entity_system\component.cpp">
      <Filter>Source Files</Filter>
    </ClCompile>
    <ClCompile Include="crt\s_string_pool.cpp">
      <Filter>Source Files</Filter>
    </ClCompile>
    <ClCompile Include="engine\hwnd\window_manager.cpp">
      <Filter>Source Files</Filter>
    </ClCompile>
    <ClCompile Include="math\matrix4x4.cpp">
      <Filter>Source Files</Filter>
    </ClCompile>
    <ClCompile Include="math\quat.cpp">
      <Filter>Source Files</Filter>
    </ClCompile>
    <ClCompile Include="math\ray.cpp">
      <Filter>Source Files</Filter>
    </ClCompile>
    <ClCompile Include="math\aabb.cpp">
      <Filter>Source Files</Filter>
    </ClCompile>
    <ClCompile Include="math\plane.cpp">
      <Filter>Source Files</Filter>
    </ClCompile>
    <ClCompile Include="math\frustum.cpp">
      <Filter>Source Files</Filter>
    </ClCompile>
    <ClCompile Include="math\obb.cpp">
      <Filter>Source Files</Filter>
    </ClCompile>
    <ClCompile Include="math\geom\shapes\capsule.cpp">
      <Filter>Source Files</Filter>
    </ClCompile>
    <ClCompile Include="math\geom\shapes\sphere.cpp">
      <Filter>Source Files</Filter>
    </ClCompile>
    <ClCompile Include="math\geom\shapes\triangle.cpp">
      <Filter>Source Files</Filter>
    </ClCompile>
    <ClCompile Include="math\box.cpp">
      <Filter>Source Files</Filter>
    </ClCompile>
    <ClCompile Include="math\geom\shapes\segment.cpp">
      <Filter>Source Files</Filter>
    </ClCompile>
    <ClCompile Include="math\geom\shapes\cylinder.cpp">
      <Filter>Source Files</Filter>
    </ClCompile>
    <ClCompile Include="math\geom\shapes\cone.cpp">
      <Filter>Source Files</Filter>
    </ClCompile>
    <ClCompile Include="math\geom\shapes\disc.cpp">
      <Filter>Source Files</Filter>
    </ClCompile>
    <ClCompile Include="math\geom\shapes\line.cpp">
      <Filter>Source Files</Filter>
    </ClCompile>
    <ClCompile Include="math\geom\shapes\torus.cpp">
      <Filter>Source Files</Filter>
    </ClCompile>
    <ClCompile Include="math\geom\shapes\ellipsoid.cpp">
      <Filter>Source Files</Filter>
    </ClCompile>
    <ClCompile Include="math\geom\kdop.cpp">
      <Filter>Source Files</Filter>
    </ClCompile>
    <ClCompile Include="math\geom\polyhedron.cpp">
      <Filter>Source Files</Filter>
    </ClCompile>
    <ClCompile Include="math\geom\geom.cpp">
      <Filter>Source Files</Filter>
    </ClCompile>
    <ClCompile Include="engine\threading\thread_system.cpp">
      <Filter>Source Files</Filter>
    </ClCompile>
    <ClCompile Include="engine\entity_system\ecs_execute.cpp">
      <Filter>Source Files</Filter>
    </ClCompile>
    <ClCompile Include="engine\global_vars.cpp">
      <Filter>Source Files</Filter>
    </ClCompile>
    <ClCompile Include="engine\setup.cpp">
      <Filter>Source Files</Filter>
    </ClCompile>
    <ClCompile Include="engine\entity_system\level.cpp">
      <Filter>Source Files</Filter>
    </ClCompile>
    <ClCompile Include="engine\component_system\transform_instance.cpp">
      <Filter>Source Files</Filter>
    </ClCompile>
  </ItemGroup>
  <ItemGroup>
    <ClInclude Include="definitions.h">
      <Filter>Header Files</Filter>
    </ClInclude>
    <ClInclude Include="crt\safe_crt.h">
      <Filter>Header Files</Filter>
    </ClInclude>
    <ClInclude Include="exception\exception_handler.h">
      <Filter>Header Files</Filter>
    </ClInclude>
    <ClInclude Include="common.h">
      <Filter>Header Files</Filter>
    </ClInclude>
    <ClInclude Include="crt\s_string.h">
      <Filter>Header Files</Filter>
    </ClInclude>
    <ClInclude Include="memory\mem.h">
      <Filter>Header Files</Filter>
    </ClInclude>
    <ClInclude Include="crt\s_vector.h">
      <Filter>Header Files</Filter>
    </ClInclude>
    <ClInclude Include="memory\addr.h">
      <Filter>Header Files</Filter>
    </ClInclude>
    <ClInclude Include="crt\s_map.h">
      <Filter>Header Files</Filter>
    </ClInclude>
    <ClInclude Include="crt\inline_crt.h">
      <Filter>Header Files</Filter>
    </ClInclude>
    <ClInclude Include="crt\atomic.h">
      <Filter>Header Files</Filter>
    </ClInclude>
    <ClInclude Include="exception\fail.h">
      <Filter>Header Files</Filter>
    </ClInclude>
    <ClInclude Include="engine\entity_system\entity_system.h">
      <Filter>Header Files</Filter>
    </ClInclude>
    <ClInclude Include="serialize\fnva_hash.h">
      <Filter>Header Files</Filter>
    </ClInclude>
    <ClInclude Include="engine\threading\thread_storage.h">
      <Filter>Header Files</Filter>
    </ClInclude>
    <ClInclude Include="crt\s_string_pool.h">
      <Filter>Header Files</Filter>
    </ClInclude>
    <ClInclude Include="engine\render\render_device.h">
      <Filter>Header Files</Filter>
    </ClInclude>
    <ClInclude Include="engine\hwnd\window_manager.h">
      <Filter>Header Files</Filter>
    </ClInclude>
    <ClInclude Include="math\pixel_vector2.h">
      <Filter>Header Files</Filter>
    </ClInclude>
    <ClInclude Include="math\vector2.h">
      <Filter>Header Files</Filter>
    </ClInclude>
    <ClInclude Include="math\vector3.h">
      <Filter>Header Files</Filter>
    </ClInclude>
    <ClInclude Include="math\matrix4x4.h">
      <Filter>Header Files</Filter>
    </ClInclude>
    <ClInclude Include="math\quat.h">
      <Filter>Header Files</Filter>
    </ClInclude>
    <ClInclude Include="math\math_defs.h">
      <Filter>Header Files</Filter>
    </ClInclude>
    <ClInclude Include="math\vector4.h">
      <Filter>Header Files</Filter>
    </ClInclude>
    <ClInclude Include="math\aabb.h">
      <Filter>Header Files</Filter>
    </ClInclude>
    <ClInclude Include="math\ray.h">
      <Filter>Header Files</Filter>
    </ClInclude>
    <ClInclude Include="math\plane.h">
      <Filter>Header Files</Filter>
    </ClInclude>
    <ClInclude Include="math\frustum.h">
      <Filter>Header Files</Filter>
    </ClInclude>
    <ClInclude Include="math\obb.h">
      <Filter>Header Files</Filter>
    </ClInclude>
    <ClInclude Include="math\geom\geom.h">
      <Filter>Header Files</Filter>
    </ClInclude>
    <ClInclude Include="math\box.h">
      <Filter>Header Files</Filter>
    </ClInclude>
    <ClInclude Include="math\geom\kdop.h">
      <Filter>Header Files</Filter>
    </ClInclude>
    <ClInclude Include="math\geom\polyhedron.h">
      <Filter>Header Files</Filter>
    </ClInclude>
    <ClInclude Include="math\transform.h">
      <Filter>Header Files</Filter>
    </ClInclude>
    <ClInclude Include="engine\component_system\transform_instance.h">
      <Filter>Header Files</Filter>
    </ClInclude>
    <ClInclude Include="engine\threading\thread_system.h">
      <Filter>Header Files</Filter>
    </ClInclude>
    <ClInclude Include="engine\global_vars.h">
      <Filter>Header Files</Filter>
    </ClInclude>
    <ClInclude Include="engine\setup.h">
      <Filter>Header Files</Filter>
    </ClInclude>
    <ClInclude Include="platform\platform.h">
      <Filter>Header Files</Filter>
    </ClInclude>
    <ClInclude Include="crt\s_performance_vector.h">
      <Filter>Header Files</Filter>
    </ClInclude>
    <ClInclude Include="engine\component_system\physics_asset.h">
      <Filter>Header Files</Filter>
    </ClInclude>
    <ClInclude Include="crt\triple_buffer.h">
      <Filter>Header Files</Filter>
    </ClInclude>
    <ClInclude Include="crt\s_performance_map.h">
      <Filter>Header Files</Filter>
    </ClInclude>
    <ClInclude Include="engine\component_system\default_component_hashes.h">
      <Filter>Header Files</Filter>
    </ClInclude>
  </ItemGroup>
</Project>